// !$*UTF8*$!
{
	archiveVersion = 1;
	classes = {
	};
	objectVersion = 46;
	objects = {

/* Begin PBXBuildFile section */
		58754AFC1D85BA24002F7773 /* AppDelegate.swift in Sources */ = {isa = PBXBuildFile; fileRef = 58754AFB1D85BA24002F7773 /* AppDelegate.swift */; };
		58754AFE1D85BA24002F7773 /* ViewController.swift in Sources */ = {isa = PBXBuildFile; fileRef = 58754AFD1D85BA24002F7773 /* ViewController.swift */; };
		58754B011D85BA24002F7773 /* Main.storyboard in Resources */ = {isa = PBXBuildFile; fileRef = 58754AFF1D85BA24002F7773 /* Main.storyboard */; };
		58754B031D85BA24002F7773 /* Assets.xcassets in Resources */ = {isa = PBXBuildFile; fileRef = 58754B021D85BA24002F7773 /* Assets.xcassets */; };
		58754B061D85BA24002F7773 /* LaunchScreen.storyboard in Resources */ = {isa = PBXBuildFile; fileRef = 58754B041D85BA24002F7773 /* LaunchScreen.storyboard */; };
		58754B0E1D85BA70002F7773 /* Datos.swift in Sources */ = {isa = PBXBuildFile; fileRef = 58754B0D1D85BA70002F7773 /* Datos.swift */; };
/* End PBXBuildFile section */

/* Begin PBXFileReference section */
		58754AF81D85BA24002F7773 /* Hamburguesas.app */ = {isa = PBXFileReference; explicitFileType = wrapper.application; includeInIndex = 0; path = Hamburguesas.app; sourceTree = BUILT_PRODUCTS_DIR; };
		58754AFB1D85BA24002F7773 /* AppDelegate.swift */ = {isa = PBXFileReference; lastKnownFileType = sourcecode.swift; path = AppDelegate.swift; sourceTree = "<group>"; };
		58754AFD1D85BA24002F7773 /* ViewController.swift */ = {isa = PBXFileReference; lastKnownFileType = sourcecode.swift; path = ViewController.swift; sourceTree = "<group>"; };
		58754B001D85BA24002F7773 /* Base */ = {isa = PBXFileReference; lastKnownFileType = file.storyboard; name = Base; path = Base.lproj/Main.storyboard; sourceTree = "<group>"; };
		58754B021D85BA24002F7773 /* Assets.xcassets */ = {isa = PBXFileReference; lastKnownFileType = folder.assetcatalog; path = Assets.xcassets; sourceTree = "<group>"; };
		58754B051D85BA24002F7773 /* Base */ = {isa = PBXFileReference; lastKnownFileType = file.storyboard; name = Base; path = Base.lproj/LaunchScreen.storyboard; sourceTree = "<group>"; };
		58754B071D85BA24002F7773 /* Info.plist */ = {isa = PBXFileReference; lastKnownFileType = text.plist.xml; path = Info.plist; sourceTree = "<group>"; };
		58754B0D1D85BA70002F7773 /* Datos.swift */ = {isa = PBXFileReference; fileEncoding = 4; lastKnownFileType = sourcecode.swift; path = Datos.swift; sourceTree = "<group>"; };
/* End PBXFileReference section */

/* Begin PBXFrameworksBuildPhase section */
		58754AF51D85BA24002F7773 /* Frameworks */ = {
			isa = PBXFrameworksBuildPhase;
			buildActionMask = 2147483647;
			files = (
			);
			runOnlyForDeploymentPostprocessing = 0;
		};
/* End PBXFrameworksBuildPhase section */

/* Begin PBXGroup section */
		58754AEF1D85BA24002F7773 = {
			isa = PBXGroup;
			children = (
				58754AFA1D85BA24002F7773 /* Hamburguesas */,
				58754AF91D85BA24002F7773 /* Products */,
			);
			sourceTree = "<group>";
		};
		58754AF91D85BA24002F7773 /* Products */ = {
			isa = PBXGroup;
			children = (
				58754AF81D85BA24002F7773 /* Hamburguesas.app */,
			);
			name = Products;
			sourceTree = "<group>";
		};
		58754AFA1D85BA24002F7773 /* Hamburguesas */ = {
			isa = PBXGroup;
			children = (
				58754AFB1D85BA24002F7773 /* AppDelegate.swift */,
				58754AFD1D85BA24002F7773 /* ViewController.swift */,
				58754AFF1D85BA24002F7773 /* Main.storyboard */,
				58754B021D85BA24002F7773 /* Assets.xcassets */,
				58754B041D85BA24002F7773 /* LaunchScreen.storyboard */,
				58754B071D85BA24002F7773 /* Info.plist */,
				58754B0D1D85BA70002F7773 /* Datos.swift */,
			);
			path = Hamburguesas;
			sourceTree = "<group>";
		};
/* End PBXGroup section */

/* Begin PBXNativeTarget section */
		58754AF71D85BA24002F7773 /* Hamburguesas */ = {
			isa = PBXNativeTarget;
			buildConfigurationList = 58754B0A1D85BA24002F7773 /* Build configuration list for PBXNativeTarget "Hamburguesas" */;
			buildPhases = (
				58754AF41D85BA24002F7773 /* Sources */,
				58754AF51D85BA24002F7773 /* Frameworks */,
				58754AF61D85BA24002F7773 /* Resources */,
			);
			buildRules = (
			);
			dependencies = (
			);
			name = Hamburguesas;
			productName = Hamburguesas;
			productReference = 58754AF81D85BA24002F7773 /* Hamburguesas.app */;
			productType = "com.apple.product-type.application";
		};
/* End PBXNativeTarget section */

/* Begin PBXProject section */
		58754AF01D85BA24002F7773 /* Project object */ = {
			isa = PBXProject;
			attributes = {
				LastSwiftUpdateCheck = 0730;
				LastUpgradeCheck = 0730;
				ORGANIZATIONNAME = "Mario Ramirez";
				TargetAttributes = {
					58754AF71D85BA24002F7773 = {
						CreatedOnToolsVersion = 7.3.1;
					};
				};
			};
			buildConfigurationList = 58754AF31D85BA24002F7773 /* Build configuration list for PBXProject "Hamburguesas" */;
			compatibilityVersion = "Xcode 3.2";
			developmentRegion = English;
			hasScannedForEncodings = 0;
			knownRegions = (
				en,
				Base,
			);
			mainGroup = 58754AEF1D85BA24002F7773;
			productRefGroup = 58754AF91D85BA24002F7773 /* Products */;
			projectDirPath = "";
			projectRoot = "";
			targets = (
				58754AF71D85BA24002F7773 /* Hamburguesas */,
			);
		};
/* End PBXProject section */

/* Begin PBXResourcesBuildPhase section */
		58754AF61D85BA24002F7773 /* Resources */ = {
			isa = PBXResourcesBuildPhase;
			buildActionMask = 2147483647;
			files = (
				58754B061D85BA24002F7773 /* LaunchScreen.storyboard in Resources */,
				58754B031D85BA24002F7773 /* Assets.xcassets in Resources */,
				58754B011D85BA24002F7773 /* Main.storyboard in Resources */,
			);
			runOnlyForDeploymentPostprocessing = 0;
		};
/* End PBXResourcesBuildPhase section */

/* Begin PBXSourcesBuildPhase section */
		58754AF41D85BA24002F7773 /* Sources */ = {
			isa = PBXSourcesBuildPhase;
			buildActionMask = 2147483647;
			files = (
				58754AFE1D85BA24002F7773 /* ViewController.swift in Sources */,
				58754AFC1D85BA24002F7773 /* AppDelegate.swift in Sources */,
				58754B0E1D85BA70002F7773 /* Datos.swift in Sources */,
			);
			runOnlyForDeploymentPostprocessing = 0;
		};
/* End PBXSourcesBuildPhase section */

/* Begin PBXVariantGroup section */
		58754AFF1D85BA24002F7773 /* Main.storyboard */ = {
			isa = PBXVariantGroup;
			children = (
				58754B001D85BA24002F7773 /* Base */,
			);
			name = Main.storyboard;
			sourceTree = "<group>";
		};
		58754B041D85BA24002F7773 /* LaunchScreen.storyboard */ = {
			isa = PBXVariantGroup;
			children = (
				58754B051D85BA24002F7773 /* Base */,
			);
			name = LaunchScreen.storyboard;
			sourceTree = "<group>";
		};
/* End PBXVariantGroup section */

/* Begin XCBuildConfiguration section */
		58754B081D85BA24002F7773 /* Debug */ = {
			isa = XCBuildConfiguration;
			buildSettings = {
				ALWAYS_SEARCH_USER_PATHS = NO;
				CLANG_ANALYZER_NONNULL = YES;
				CLANG_CXX_LANGUAGE_STANDARD = "gnu++0x";
				CLANG_CXX_LIBRARY = "libc++";
				CLANG_ENABLE_MODULES = YES;
				CLANG_ENABLE_OBJC_ARC = YES;
				CLANG_WARN_BOOL_CONVERSION = YES;
				CLANG_WARN_CONSTANT_CONVERSION = YES;
				CLANG_WARN_DIRECT_OBJC_ISA_USAGE = YES_ERROR;
				CLANG_WARN_EMPTY_BODY = YES;
				CLANG_WARN_ENUM_CONVERSION = YES;
				CLANG_WARN_INT_CONVERSION = YES;
				CLANG_WARN_OBJC_ROOT_CLASS = YES_ERROR;
				CLANG_WARN_UNREACHABLE_CODE = YES;
				CLANG_WARN__DUPLICATE_METHOD_MATCH = YES;
				"CODE_SIGN_IDENTITY[sdk=iphoneos*]" = "iPhone Developer";
				COPY_PHASE_STRIP = NO;
				DEBUG_INFORMATION_FORMAT = dwarf;
				ENABLE_STRICT_OBJC_MSGSEND = YES;
				ENABLE_TESTABILITY = YES;
				GCC_C_LANGUAGE_STANDARD = gnu99;
				GCC_DYNAMIC_NO_PIC = NO;
				GCC_NO_COMMON_BLOCKS = YES;
				GCC_OPTIMIZATION_LEVEL = 0;
				GCC_PREPROCESSOR_DEFINITIONS = (
					"DEBUG=1",
					"$(inherited)",
				);
				GCC_WARN_64_TO_32_BIT_CONVERSION = YES;
				GCC_WARN_ABOUT_RETURN_TYPE = YES_ERROR;
				GCC_WARN_UNDECLARED_SELECTOR = YES;
				GCC_WARN_UNINITIALIZED_AUTOS = YES_AGGRESSIVE;
				GCC_WARN_UNUSED_FUNCTION = YES;
				GCC_WARN_UNUSED_VARIABLE = YES;
				IPHONEOS_DEPLOYMENT_TARGET = 9.3;
				MTL_ENABLE_DEBUG_INFO = YES;
				ONLY_ACTIVE_ARCH = YES;
				SDKROOT = iphoneos;
				SWIFT_OPTIMIZATION_LEVEL = "-Onone";
			};
			name = Debug;
		};
		58754B091D85BA24002F7773 /* Release */ = {
			isa = XCBuildConfiguration;
			buildSettings = {
				ALWAYS_SEARCH_USER_PATHS = NO;
				CLANG_ANALYZER_NONNULL = YES;
				CLANG_CXX_LANGUAGE_STANDARD = "gnu++0x";
				CLANG_CXX_LIBRARY = "libc++";
				CLANG_ENABLE_MODULES = YES;
				CLANG_ENABLE_OBJC_ARC = YES;
				CLANG_WARN_BOOL_CONVERSION = YES;
				CLANG_WARN_CONSTANT_CONVERSION = YES;
				CLANG_WARN_DIRECT_OBJC_ISA_USAGE = YES_ERROR;
				CLANG_WARN_EMPTY_BODY = YES;
				CLANG_WARN_ENUM_CONVERSION = YES;
				CLANG_WARN_INT_CONVERSION = YES;
				CLANG_WARN_OBJC_ROOT_CLASS = YES_ERROR;
				CLANG_WARN_UNREACHABLE_CODE = YES;
				CLANG_WARN__DUPLICATE_METHOD_MATCH = YES;
				"CODE_SIGN_IDENTITY[sdk=iphoneos*]" = "iPhone Developer";
				COPY_PHASE_STRIP = NO;
				DEBUG_INFORMATION_FORMAT = "dwarf-with-dsym";
				ENABLE_NS_ASSERTIONS = NO;
				ENABLE_STRICT_OBJC_MSGSEND = YES;
				GCC_C_LANGUAGE_STANDARD = gnu99;
				GCC_NO_COMMON_BLOCKS = YES;
				GCC_WARN_64_TO_32_BIT_CONVERSION = YES;
				GCC_WARN_ABOUT_RETURN_TYPE = YES_ERROR;
				GCC_WARN_UNDECLARED_SELECTOR = YES;
				GCC_WARN_UNINITIALIZED_AUTOS = YES_AGGRESSIVE;
				GCC_WARN_UNUSED_FUNCTION = YES;
				GCC_WARN_UNUSED_VARIABLE = YES;
				IPHONEOS_DEPLOYMENT_TARGET = 9.3;
				MTL_ENABLE_DEBUG_INFO = NO;
				SDKROOT = iphoneos;
				VALIDATE_PRODUCT = YES;
			};
			name = Release;
		};
		58754B0B1D85BA24002F7773 /* Debug */ = {
			isa = XCBuildConfiguration;
			buildSettings = {
				ASSETCATALOG_COMPILER_APPICON_NAME = AppIcon;
				INFOPLIST_FILE = Hamburguesas/Info.plist;
				LD_RUNPATH_SEARCH_PATHS = "$(inherited) @executable_path/Frameworks";
				PRODUCT_BUNDLE_IDENTIFIER = com.martefactory.Hamburguesas;
				PRODUCT_NAME = "$(TARGET_NAME)";
			};
			name = Debug;
		};
		58754B0C1D85BA24002F7773 /* Release */ = {
			isa = XCBuildConfiguration;
			buildSettings = {
				ASSETCATALOG_COMPILER_APPICON_NAME = AppIcon;
				INFOPLIST_FILE = Hamburguesas/Info.plist;
				LD_RUNPATH_SEARCH_PATHS = "$(inherited) @executable_path/Frameworks";
				PRODUCT_BUNDLE_IDENTIFIER = com.martefactory.Hamburguesas;
				PRODUCT_NAME = "$(TARGET_NAME)";
			};
			name = Release;
		};
/* End XCBuildConfiguration section */

/* Begin XCConfigurationList section */
		58754AF31D85BA24002F7773 /* Build configuration list for PBXProject "Hamburguesas" */ = {
			isa = XCConfigurationList;
			buildConfigurations = (
				58754B081D85BA24002F7773 /* Debug */,
				58754B091D85BA24002F7773 /* Release */,
			);
			defaultConfigurationIsVisible = 0;
			defaultConfigurationName = Release;
		};
		58754B0A1D85BA24002F7773 /* Build configuration list for PBXNativeTarget "Hamburguesas" */ = {
			isa = XCConfigurationList;
			buildConfigurations = (
				58754B0B1D85BA24002F7773 /* Debug */,
				58754B0C1D85BA24002F7773 /* Release */,
			);
			defaultConfigurationIsVisible = 0;
		};
/* End XCConfigurationList section */
	};
	rootObject = 58754AF01D85BA24002F7773 /* Project object */;
}
